
Microsoft Visual Studio Solution File, Format Version 12.00
# Visual Studio 2015
Project("{FAE04EC0-301F-11D3-BF4B-00C04F79EFBC}") = "Arcade[ver7]release", "Arcade[ver7]release.csproj", "{13E0A10B-9E10-AA8A-1144-A1EC76562BB9}"
EndProject
Global
	GlobalSection(SolutionConfigurationPlatforms) = preSolution
		Debug|Any CPU = Debug|Any CPU
		Release|Any CPU = Release|Any CPU
	EndGlobalSection
	GlobalSection(ProjectConfigurationPlatforms) = postSolution
		{13E0A10B-9E10-AA8A-1144-A1EC76562BB9}.Debug|Any CPU.ActiveCfg = Debug|Any CPU
		{13E0A10B-9E10-AA8A-1144-A1EC76562BB9}.Debug|Any CPU.Build.0 = Debug|Any CPU
		{13E0A10B-9E10-AA8A-1144-A1EC76562BB9}.Release|Any CPU.ActiveCfg = Release|Any CPU
		{13E0A10B-9E10-AA8A-1144-A1EC76562BB9}.Release|Any CPU.Build.0 = Release|Any CPU
	EndGlobalSection
	GlobalSection(SolutionProperties) = preSolution
		HideSolutionNode = FALSE
	EndGlobalSection
EndGlobal
