
Microsoft Visual Studio Solution File, Format Version 12.00
# Visual Studio 2015
Project("{FAE04EC0-301F-11D3-BF4B-00C04F79EFBC}") = "Test_Project1[ver6]WIP", "Test_Project1[ver6]WIP.csproj", "{DEC27B16-10AB-E9FA-1030-C0832F0798C7}"
EndProject
Global
	GlobalSection(SolutionConfigurationPlatforms) = preSolution
		Debug|Any CPU = Debug|Any CPU
		Release|Any CPU = Release|Any CPU
	EndGlobalSection
	GlobalSection(ProjectConfigurationPlatforms) = postSolution
		{DEC27B16-10AB-E9FA-1030-C0832F0798C7}.Debug|Any CPU.ActiveCfg = Debug|Any CPU
		{DEC27B16-10AB-E9FA-1030-C0832F0798C7}.Debug|Any CPU.Build.0 = Debug|Any CPU
		{DEC27B16-10AB-E9FA-1030-C0832F0798C7}.Release|Any CPU.ActiveCfg = Release|Any CPU
		{DEC27B16-10AB-E9FA-1030-C0832F0798C7}.Release|Any CPU.Build.0 = Release|Any CPU
	EndGlobalSection
	GlobalSection(SolutionProperties) = preSolution
		HideSolutionNode = FALSE
	EndGlobalSection
EndGlobal
